// !$*UTF8*$!
{
	archiveVersion = 1;
	classes = {
	};
	objectVersion = 46;
	objects = {

/* Begin PBXBuildFile section */
		DACCCDB01A1493320002A8BE /* AppDelegate.swift in Sources */ = {isa = PBXBuildFile; fileRef = DACCCDAF1A1493320002A8BE /* AppDelegate.swift */; };
		DACCCDB31A1493320002A8BE /* SaveDemo.xcdatamodeld in Sources */ = {isa = PBXBuildFile; fileRef = DACCCDB11A1493320002A8BE /* SaveDemo.xcdatamodeld */; };
		DACCCDB51A1493320002A8BE /* ViewController.swift in Sources */ = {isa = PBXBuildFile; fileRef = DACCCDB41A1493320002A8BE /* ViewController.swift */; };
		DACCCDB81A1493320002A8BE /* Main.storyboard in Resources */ = {isa = PBXBuildFile; fileRef = DACCCDB61A1493320002A8BE /* Main.storyboard */; };
		DACCCDBA1A1493320002A8BE /* Images.xcassets in Resources */ = {isa = PBXBuildFile; fileRef = DACCCDB91A1493320002A8BE /* Images.xcassets */; };
		DACCCDBD1A1493320002A8BE /* LaunchScreen.xib in Resources */ = {isa = PBXBuildFile; fileRef = DACCCDBB1A1493320002A8BE /* LaunchScreen.xib */; };
		DACCCDC91A1493320002A8BE /* SaveDemoTests.swift in Sources */ = {isa = PBXBuildFile; fileRef = DACCCDC81A1493320002A8BE /* SaveDemoTests.swift */; };
		DACCCDD31A1493E10002A8BE /* Course.swift in Sources */ = {isa = PBXBuildFile; fileRef = DACCCDD21A1493E10002A8BE /* Course.swift */; };
/* End PBXBuildFile section */

/* Begin PBXContainerItemProxy section */
		DACCCDC31A1493320002A8BE /* PBXContainerItemProxy */ = {
			isa = PBXContainerItemProxy;
			containerPortal = DACCCDA21A1493320002A8BE /* Project object */;
			proxyType = 1;
			remoteGlobalIDString = DACCCDA91A1493320002A8BE;
			remoteInfo = SaveDemo;
		};
/* End PBXContainerItemProxy section */

/* Begin PBXFileReference section */
		DACCCDAA1A1493320002A8BE /* SaveDemo.app */ = {isa = PBXFileReference; explicitFileType = wrapper.application; includeInIndex = 0; path = SaveDemo.app; sourceTree = BUILT_PRODUCTS_DIR; };
		DACCCDAE1A1493320002A8BE /* Info.plist */ = {isa = PBXFileReference; lastKnownFileType = text.plist.xml; path = Info.plist; sourceTree = "<group>"; };
		DACCCDAF1A1493320002A8BE /* AppDelegate.swift */ = {isa = PBXFileReference; lastKnownFileType = sourcecode.swift; path = AppDelegate.swift; sourceTree = "<group>"; };
		DACCCDB21A1493320002A8BE /* SaveDemo.xcdatamodel */ = {isa = PBXFileReference; lastKnownFileType = wrapper.xcdatamodel; path = SaveDemo.xcdatamodel; sourceTree = "<group>"; };
		DACCCDB41A1493320002A8BE /* ViewController.swift */ = {isa = PBXFileReference; lastKnownFileType = sourcecode.swift; path = ViewController.swift; sourceTree = "<group>"; };
		DACCCDB71A1493320002A8BE /* Base */ = {isa = PBXFileReference; lastKnownFileType = file.storyboard; name = Base; path = Base.lproj/Main.storyboard; sourceTree = "<group>"; };
		DACCCDB91A1493320002A8BE /* Images.xcassets */ = {isa = PBXFileReference; lastKnownFileType = folder.assetcatalog; path = Images.xcassets; sourceTree = "<group>"; };
		DACCCDBC1A1493320002A8BE /* Base */ = {isa = PBXFileReference; lastKnownFileType = file.xib; name = Base; path = Base.lproj/LaunchScreen.xib; sourceTree = "<group>"; };
		DACCCDC21A1493320002A8BE /* SaveDemoTests.xctest */ = {isa = PBXFileReference; explicitFileType = wrapper.cfbundle; includeInIndex = 0; path = SaveDemoTests.xctest; sourceTree = BUILT_PRODUCTS_DIR; };
		DACCCDC71A1493320002A8BE /* Info.plist */ = {isa = PBXFileReference; lastKnownFileType = text.plist.xml; path = Info.plist; sourceTree = "<group>"; };
		DACCCDC81A1493320002A8BE /* SaveDemoTests.swift */ = {isa = PBXFileReference; lastKnownFileType = sourcecode.swift; path = SaveDemoTests.swift; sourceTree = "<group>"; };
		DACCCDD21A1493E10002A8BE /* Course.swift */ = {isa = PBXFileReference; fileEncoding = 4; lastKnownFileType = sourcecode.swift; path = Course.swift; sourceTree = "<group>"; };
/* End PBXFileReference section */

/* Begin PBXFrameworksBuildPhase section */
		DACCCDA71A1493320002A8BE /* Frameworks */ = {
			isa = PBXFrameworksBuildPhase;
			buildActionMask = 2147483647;
			files = (
			);
			runOnlyForDeploymentPostprocessing = 0;
		};
		DACCCDBF1A1493320002A8BE /* Frameworks */ = {
			isa = PBXFrameworksBuildPhase;
			buildActionMask = 2147483647;
			files = (
			);
			runOnlyForDeploymentPostprocessing = 0;
		};
/* End PBXFrameworksBuildPhase section */

/* Begin PBXGroup section */
		DACCCDA11A1493320002A8BE = {
			isa = PBXGroup;
			children = (
				DACCCDAC1A1493320002A8BE /* SaveDemo */,
				DACCCDC51A1493320002A8BE /* SaveDemoTests */,
				DACCCDAB1A1493320002A8BE /* Products */,
			);
			sourceTree = "<group>";
		};
		DACCCDAB1A1493320002A8BE /* Products */ = {
			isa = PBXGroup;
			children = (
				DACCCDAA1A1493320002A8BE /* SaveDemo.app */,
				DACCCDC21A1493320002A8BE /* SaveDemoTests.xctest */,
			);
			name = Products;
			sourceTree = "<group>";
		};
		DACCCDAC1A1493320002A8BE /* SaveDemo */ = {
			isa = PBXGroup;
			children = (
				DACCCDAF1A1493320002A8BE /* AppDelegate.swift */,
				DACCCDB41A1493320002A8BE /* ViewController.swift */,
				DACCCDB61A1493320002A8BE /* Main.storyboard */,
				DACCCDB91A1493320002A8BE /* Images.xcassets */,
				DACCCDBB1A1493320002A8BE /* LaunchScreen.xib */,
				DACCCDB11A1493320002A8BE /* SaveDemo.xcdatamodeld */,
				DACCCDD21A1493E10002A8BE /* Course.swift */,
				DACCCDAD1A1493320002A8BE /* Supporting Files */,
			);
			path = SaveDemo;
			sourceTree = "<group>";
		};
		DACCCDAD1A1493320002A8BE /* Supporting Files */ = {
			isa = PBXGroup;
			children = (
				DACCCDAE1A1493320002A8BE /* Info.plist */,
			);
			name = "Supporting Files";
			sourceTree = "<group>";
		};
		DACCCDC51A1493320002A8BE /* SaveDemoTests */ = {
			isa = PBXGroup;
			children = (
				DACCCDC81A1493320002A8BE /* SaveDemoTests.swift */,
				DACCCDC61A1493320002A8BE /* Supporting Files */,
			);
			path = SaveDemoTests;
			sourceTree = "<group>";
		};
		DACCCDC61A1493320002A8BE /* Supporting Files */ = {
			isa = PBXGroup;
			children = (
				DACCCDC71A1493320002A8BE /* Info.plist */,
			);
			name = "Supporting Files";
			sourceTree = "<group>";
		};
/* End PBXGroup section */

/* Begin PBXNativeTarget section */
		DACCCDA91A1493320002A8BE /* SaveDemo */ = {
			isa = PBXNativeTarget;
			buildConfigurationList = DACCCDCC1A1493320002A8BE /* Build configuration list for PBXNativeTarget "SaveDemo" */;
			buildPhases = (
				DACCCDA61A1493320002A8BE /* Sources */,
				DACCCDA71A1493320002A8BE /* Frameworks */,
				DACCCDA81A1493320002A8BE /* Resources */,
			);
			buildRules = (
			);
			dependencies = (
			);
			name = SaveDemo;
			productName = SaveDemo;
			productReference = DACCCDAA1A1493320002A8BE /* SaveDemo.app */;
			productType = "com.apple.product-type.application";
		};
		DACCCDC11A1493320002A8BE /* SaveDemoTests */ = {
			isa = PBXNativeTarget;
			buildConfigurationList = DACCCDCF1A1493320002A8BE /* Build configuration list for PBXNativeTarget "SaveDemoTests" */;
			buildPhases = (
				DACCCDBE1A1493320002A8BE /* Sources */,
				DACCCDBF1A1493320002A8BE /* Frameworks */,
				DACCCDC01A1493320002A8BE /* Resources */,
			);
			buildRules = (
			);
			dependencies = (
				DACCCDC41A1493320002A8BE /* PBXTargetDependency */,
			);
			name = SaveDemoTests;
			productName = SaveDemoTests;
			productReference = DACCCDC21A1493320002A8BE /* SaveDemoTests.xctest */;
			productType = "com.apple.product-type.bundle.unit-test";
		};
/* End PBXNativeTarget section */

/* Begin PBXProject section */
		DACCCDA21A1493320002A8BE /* Project object */ = {
			isa = PBXProject;
			attributes = {
				LastUpgradeCheck = 0610;
				ORGANIZATIONNAME = "Paul O'Neill";
				TargetAttributes = {
					DACCCDA91A1493320002A8BE = {
						CreatedOnToolsVersion = 6.1;
					};
					DACCCDC11A1493320002A8BE = {
						CreatedOnToolsVersion = 6.1;
						TestTargetID = DACCCDA91A1493320002A8BE;
					};
				};
			};
			buildConfigurationList = DACCCDA51A1493320002A8BE /* Build configuration list for PBXProject "SaveDemo" */;
			compatibilityVersion = "Xcode 3.2";
			developmentRegion = English;
			hasScannedForEncodings = 0;
			knownRegions = (
				en,
				Base,
			);
			mainGroup = DACCCDA11A1493320002A8BE;
			productRefGroup = DACCCDAB1A1493320002A8BE /* Products */;
			projectDirPath = "";
			projectRoot = "";
			targets = (
				DACCCDA91A1493320002A8BE /* SaveDemo */,
				DACCCDC11A1493320002A8BE /* SaveDemoTests */,
			);
		};
/* End PBXProject section */

/* Begin PBXResourcesBuildPhase section */
		DACCCDA81A1493320002A8BE /* Resources */ = {
			isa = PBXResourcesBuildPhase;
			buildActionMask = 2147483647;
			files = (
				DACCCDB81A1493320002A8BE /* Main.storyboard in Resources */,
				DACCCDBD1A1493320002A8BE /* LaunchScreen.xib in Resources */,
				DACCCDBA1A1493320002A8BE /* Images.xcassets in Resources */,
			);
			runOnlyForDeploymentPostprocessing = 0;
		};
		DACCCDC01A1493320002A8BE /* Resources */ = {
			isa = PBXResourcesBuildPhase;
			buildActionMask = 2147483647;
			files = (
			);
			runOnlyForDeploymentPostprocessing = 0;
		};
/* End PBXResourcesBuildPhase section */

/* Begin PBXSourcesBuildPhase section */
		DACCCDA61A1493320002A8BE /* Sources */ = {
			isa = PBXSourcesBuildPhase;
			buildActionMask = 2147483647;
			files = (
				DACCCDD31A1493E10002A8BE /* Course.swift in Sources */,
				DACCCDB51A1493320002A8BE /* ViewController.swift in Sources */,
				DACCCDB01A1493320002A8BE /* AppDelegate.swift in Sources */,
				DACCCDB31A1493320002A8BE /* SaveDemo.xcdatamodeld in Sources */,
			);
			runOnlyForDeploymentPostprocessing = 0;
		};
		DACCCDBE1A1493320002A8BE /* Sources */ = {
			isa = PBXSourcesBuildPhase;
			buildActionMask = 2147483647;
			files = (
				DACCCDC91A1493320002A8BE /* SaveDemoTests.swift in Sources */,
			);
			runOnlyForDeploymentPostprocessing = 0;
		};
/* End PBXSourcesBuildPhase section */

/* Begin PBXTargetDependency section */
		DACCCDC41A1493320002A8BE /* PBXTargetDependency */ = {
			isa = PBXTargetDependency;
			target = DACCCDA91A1493320002A8BE /* SaveDemo */;
			targetProxy = DACCCDC31A1493320002A8BE /* PBXContainerItemProxy */;
		};
/* End PBXTargetDependency section */

/* Begin PBXVariantGroup section */
		DACCCDB61A1493320002A8BE /* Main.storyboard */ = {
			isa = PBXVariantGroup;
			children = (
				DACCCDB71A1493320002A8BE /* Base */,
			);
			name = Main.storyboard;
			sourceTree = "<group>";
		};
		DACCCDBB1A1493320002A8BE /* LaunchScreen.xib */ = {
			isa = PBXVariantGroup;
			children = (
				DACCCDBC1A1493320002A8BE /* Base */,
			);
			name = LaunchScreen.xib;
			sourceTree = "<group>";
		};
/* End PBXVariantGroup section */

/* Begin XCBuildConfiguration section */
		DACCCDCA1A1493320002A8BE /* Debug */ = {
			isa = XCBuildConfiguration;
			buildSettings = {
				ALWAYS_SEARCH_USER_PATHS = NO;
				CLANG_CXX_LANGUAGE_STANDARD = "gnu++0x";
				CLANG_CXX_LIBRARY = "libc++";
				CLANG_ENABLE_MODULES = YES;
				CLANG_ENABLE_OBJC_ARC = YES;
				CLANG_WARN_BOOL_CONVERSION = YES;
				CLANG_WARN_CONSTANT_CONVERSION = YES;
				CLANG_WARN_DIRECT_OBJC_ISA_USAGE = YES_ERROR;
				CLANG_WARN_EMPTY_BODY = YES;
				CLANG_WARN_ENUM_CONVERSION = YES;
				CLANG_WARN_INT_CONVERSION = YES;
				CLANG_WARN_OBJC_ROOT_CLASS = YES_ERROR;
				CLANG_WARN_UNREACHABLE_CODE = YES;
				CLANG_WARN__DUPLICATE_METHOD_MATCH = YES;
				"CODE_SIGN_IDENTITY[sdk=iphoneos*]" = "iPhone Developer";
				COPY_PHASE_STRIP = NO;
				ENABLE_STRICT_OBJC_MSGSEND = YES;
				GCC_C_LANGUAGE_STANDARD = gnu99;
				GCC_DYNAMIC_NO_PIC = NO;
				GCC_OPTIMIZATION_LEVEL = 0;
				GCC_PREPROCESSOR_DEFINITIONS = (
					"DEBUG=1",
					"$(inherited)",
				);
				GCC_SYMBOLS_PRIVATE_EXTERN = NO;
				GCC_WARN_64_TO_32_BIT_CONVERSION = YES;
				GCC_WARN_ABOUT_RETURN_TYPE = YES_ERROR;
				GCC_WARN_UNDECLARED_SELECTOR = YES;
				GCC_WARN_UNINITIALIZED_AUTOS = YES_AGGRESSIVE;
				GCC_WARN_UNUSED_FUNCTION = YES;
				GCC_WARN_UNUSED_VARIABLE = YES;
				IPHONEOS_DEPLOYMENT_TARGET = 8.1;
				MTL_ENABLE_DEBUG_INFO = YES;
				ONLY_ACTIVE_ARCH = YES;
				SDKROOT = iphoneos;
				SWIFT_OPTIMIZATION_LEVEL = "-Onone";
			};
			name = Debug;
		};
		DACCCDCB1A1493320002A8BE /* Release */ = {
			isa = XCBuildConfiguration;
			buildSettings = {
				ALWAYS_SEARCH_USER_PATHS = NO;
				CLANG_CXX_LANGUAGE_STANDARD = "gnu++0x";
				CLANG_CXX_LIBRARY = "libc++";
				CLANG_ENABLE_MODULES = YES;
				CLANG_ENABLE_OBJC_ARC = YES;
				CLANG_WARN_BOOL_CONVERSION = YES;
				CLANG_WARN_CONSTANT_CONVERSION = YES;
				CLANG_WARN_DIRECT_OBJC_ISA_USAGE = YES_ERROR;
				CLANG_WARN_EMPTY_BODY = YES;
				CLANG_WARN_ENUM_CONVERSION = YES;
				CLANG_WARN_INT_CONVERSION = YES;
				CLANG_WARN_OBJC_ROOT_CLASS = YES_ERROR;
				CLANG_WARN_UNREACHABLE_CODE = YES;
				CLANG_WARN__DUPLICATE_METHOD_MATCH = YES;
				"CODE_SIGN_IDENTITY[sdk=iphoneos*]" = "iPhone Developer";
				COPY_PHASE_STRIP = YES;
				ENABLE_NS_ASSERTIONS = NO;
				ENABLE_STRICT_OBJC_MSGSEND = YES;
				GCC_C_LANGUAGE_STANDARD = gnu99;
				GCC_WARN_64_TO_32_BIT_CONVERSION = YES;
				GCC_WARN_ABOUT_RETURN_TYPE = YES_ERROR;
				GCC_WARN_UNDECLARED_SELECTOR = YES;
				GCC_WARN_UNINITIALIZED_AUTOS = YES_AGGRESSIVE;
				GCC_WARN_UNUSED_FUNCTION = YES;
				GCC_WARN_UNUSED_VARIABLE = YES;
				IPHONEOS_DEPLOYMENT_TARGET = 8.1;
				MTL_ENABLE_DEBUG_INFO = NO;
				SDKROOT = iphoneos;
				VALIDATE_PRODUCT = YES;
			};
			name = Release;
		};
		DACCCDCD1A1493320002A8BE /* Debug */ = {
			isa = XCBuildConfiguration;
			buildSettings = {
				ASSETCATALOG_COMPILER_APPICON_NAME = AppIcon;
				INFOPLIST_FILE = SaveDemo/Info.plist;
				LD_RUNPATH_SEARCH_PATHS = "$(inherited) @executable_path/Frameworks";
				PRODUCT_NAME = "$(TARGET_NAME)";
			};
			name = Debug;
		};
		DACCCDCE1A1493320002A8BE /* Release */ = {
			isa = XCBuildConfiguration;
			buildSettings = {
				ASSETCATALOG_COMPILER_APPICON_NAME = AppIcon;
				INFOPLIST_FILE = SaveDemo/Info.plist;
				LD_RUNPATH_SEARCH_PATHS = "$(inherited) @executable_path/Frameworks";
				PRODUCT_NAME = "$(TARGET_NAME)";
			};
			name = Release;
		};
		DACCCDD01A1493320002A8BE /* Debug */ = {
			isa = XCBuildConfiguration;
			buildSettings = {
				BUNDLE_LOADER = "$(TEST_HOST)";
				FRAMEWORK_SEARCH_PATHS = (
					"$(SDKROOT)/Developer/Library/Frameworks",
					"$(inherited)",
				);
				GCC_PREPROCESSOR_DEFINITIONS = (
					"DEBUG=1",
					"$(inherited)",
				);
				INFOPLIST_FILE = SaveDemoTests/Info.plist;
				LD_RUNPATH_SEARCH_PATHS = "$(inherited) @executable_path/Frameworks @loader_path/Frameworks";
				PRODUCT_NAME = "$(TARGET_NAME)";
				TEST_HOST = "$(BUILT_PRODUCTS_DIR)/SaveDemo.app/SaveDemo";
			};
			name = Debug;
		};
		DACCCDD11A1493320002A8BE /* Release */ = {
			isa = XCBuildConfiguration;
			buildSettings = {
				BUNDLE_LOADER = "$(TEST_HOST)";
				FRAMEWORK_SEARCH_PATHS = (
					"$(SDKROOT)/Developer/Library/Frameworks",
					"$(inherited)",
				);
				INFOPLIST_FILE = SaveDemoTests/Info.plist;
				LD_RUNPATH_SEARCH_PATHS = "$(inherited) @executable_path/Frameworks @loader_path/Frameworks";
				PRODUCT_NAME = "$(TARGET_NAME)";
				TEST_HOST = "$(BUILT_PRODUCTS_DIR)/SaveDemo.app/SaveDemo";
			};
			name = Release;
		};
/* End XCBuildConfiguration section */

/* Begin XCConfigurationList section */
		DACCCDA51A1493320002A8BE /* Build configuration list for PBXProject "SaveDemo" */ = {
			isa = XCConfigurationList;
			buildConfigurations = (
				DACCCDCA1A1493320002A8BE /* Debug */,
				DACCCDCB1A1493320002A8BE /* Release */,
			);
			defaultConfigurationIsVisible = 0;
			defaultConfigurationName = Release;
		};
		DACCCDCC1A1493320002A8BE /* Build configuration list for PBXNativeTarget "SaveDemo" */ = {
			isa = XCConfigurationList;
			buildConfigurations = (
				DACCCDCD1A1493320002A8BE /* Debug */,
				DACCCDCE1A1493320002A8BE /* Release */,
			);
			defaultConfigurationIsVisible = 0;
			defaultConfigurationName = Release;
		};
		DACCCDCF1A1493320002A8BE /* Build configuration list for PBXNativeTarget "SaveDemoTests" */ = {
			isa = XCConfigurationList;
			buildConfigurations = (
				DACCCDD01A1493320002A8BE /* Debug */,
				DACCCDD11A1493320002A8BE /* Release */,
			);
			defaultConfigurationIsVisible = 0;
			defaultConfigurationName = Release;
		};
/* End XCConfigurationList section */

/* Begin XCVersionGroup section */
		DACCCDB11A1493320002A8BE /* SaveDemo.xcdatamodeld */ = {
			isa = XCVersionGroup;
			children = (
				DACCCDB21A1493320002A8BE /* SaveDemo.xcdatamodel */,
			);
			currentVersion = DACCCDB21A1493320002A8BE /* SaveDemo.xcdatamodel */;
			path = SaveDemo.xcdatamodeld;
			sourceTree = "<group>";
			versionGroupType = wrapper.xcdatamodel;
		};
/* End XCVersionGroup section */
	};
	rootObject = DACCCDA21A1493320002A8BE /* Project object */;
}
